
Microsoft Visual Studio Solution File, Format Version 12.00
# Visual Studio Version 16
VisualStudioVersion = 16.0.30611.23
MinimumVisualStudioVersion = 10.0.40219.1
Project("{9A19103F-16F7-4668-BE54-9A1E7A4F7556}") = "CiBitMainServer", "CiBitMainServer\CiBitMainServer.csproj", "{8AAD485A-445F-4648-B1B3-BF2C1D53E30A}"
EndProject
Project("{9A19103F-16F7-4668-BE54-9A1E7A4F7556}") = "CiBitUtil", "CiBitModels\CiBitUtil.csproj", "{7E5CADBD-15DF-4CBC-A159-52F29CC5A844}"
EndProject
Project("{9A19103F-16F7-4668-BE54-9A1E7A4F7556}") = "CiBitWebApplication", "CiBitWebApplication\CiBitWebApplication.csproj", "{9B7974DD-9DE0-4733-89C8-5A4FE30F595B}"
EndProject
Global
	GlobalSection(SolutionConfigurationPlatforms) = preSolution
		Debug|Any CPU = Debug|Any CPU
		Release|Any CPU = Release|Any CPU
	EndGlobalSection
	GlobalSection(ProjectConfigurationPlatforms) = postSolution
		{8AAD485A-445F-4648-B1B3-BF2C1D53E30A}.Debug|Any CPU.ActiveCfg = Debug|Any CPU
		{8AAD485A-445F-4648-B1B3-BF2C1D53E30A}.Debug|Any CPU.Build.0 = Debug|Any CPU
		{8AAD485A-445F-4648-B1B3-BF2C1D53E30A}.Release|Any CPU.ActiveCfg = Release|Any CPU
		{8AAD485A-445F-4648-B1B3-BF2C1D53E30A}.Release|Any CPU.Build.0 = Release|Any CPU
		{7E5CADBD-15DF-4CBC-A159-52F29CC5A844}.Debug|Any CPU.ActiveCfg = Debug|Any CPU
		{7E5CADBD-15DF-4CBC-A159-52F29CC5A844}.Debug|Any CPU.Build.0 = Debug|Any CPU
		{7E5CADBD-15DF-4CBC-A159-52F29CC5A844}.Release|Any CPU.ActiveCfg = Release|Any CPU
		{7E5CADBD-15DF-4CBC-A159-52F29CC5A844}.Release|Any CPU.Build.0 = Release|Any CPU
		{9B7974DD-9DE0-4733-89C8-5A4FE30F595B}.Debug|Any CPU.ActiveCfg = Debug|Any CPU
		{9B7974DD-9DE0-4733-89C8-5A4FE30F595B}.Debug|Any CPU.Build.0 = Debug|Any CPU
		{9B7974DD-9DE0-4733-89C8-5A4FE30F595B}.Release|Any CPU.ActiveCfg = Release|Any CPU
		{9B7974DD-9DE0-4733-89C8-5A4FE30F595B}.Release|Any CPU.Build.0 = Release|Any CPU
	EndGlobalSection
	GlobalSection(SolutionProperties) = preSolution
		HideSolutionNode = FALSE
	EndGlobalSection
	GlobalSection(ExtensibilityGlobals) = postSolution
		SolutionGuid = {0202E37F-B3F9-4DB5-918B-7114BC90A977}
	EndGlobalSection
EndGlobal
